
Microsoft Visual Studio Solution File, Format Version 12.00
# Visual Studio Version 17
VisualStudioVersion = 17.5.002.0
MinimumVisualStudioVersion = 10.0.40219.1
Project("{2150E333-8FDC-42A3-9474-1A3956D46DE8}") = "server", "server", "{09B76DB8-ED80-4C8D-8C20-35491AE8E8EA}"
EndProject
Project("{9A19103F-16F7-4668-BE54-9A1E7A4F7556}") = "Movies", "server\Movies\Movies.csproj", "{06322E23-E718-4147-9DD5-247FC5320832}"
EndProject
Global
	GlobalSection(SolutionConfigurationPlatforms) = preSolution
		Debug|Any CPU = Debug|Any CPU
		Release|Any CPU = Release|Any CPU
	EndGlobalSection
	GlobalSection(ProjectConfigurationPlatforms) = postSolution
		{06322E23-E718-4147-9DD5-247FC5320832}.Debug|Any CPU.ActiveCfg = Debug|Any CPU
		{06322E23-E718-4147-9DD5-247FC5320832}.Debug|Any CPU.Build.0 = Debug|Any CPU
		{06322E23-E718-4147-9DD5-247FC5320832}.Release|Any CPU.ActiveCfg = Release|Any CPU
		{06322E23-E718-4147-9DD5-247FC5320832}.Release|Any CPU.Build.0 = Release|Any CPU
	EndGlobalSection
	GlobalSection(SolutionProperties) = preSolution
		HideSolutionNode = FALSE
	EndGlobalSection
	GlobalSection(NestedProjects) = preSolution
		{06322E23-E718-4147-9DD5-247FC5320832} = {09B76DB8-ED80-4C8D-8C20-35491AE8E8EA}
	EndGlobalSection
	GlobalSection(ExtensibilityGlobals) = postSolution
		SolutionGuid = {D2A3F31F-A38E-40DA-83DA-B571D454C20D}
	EndGlobalSection
EndGlobal
